
Microsoft Visual Studio Solution File, Format Version 12.00
# Visual Studio Version 16
VisualStudioVersion = 16.0.30320.27
MinimumVisualStudioVersion = 10.0.40219.1
Project("{9A19103F-16F7-4668-BE54-9A1E7A4F7556}") = "APIContagem", "APIContagem.csproj", "{473666B9-D103-4C7C-8A33-95611018511C}"
EndProject
Global
	GlobalSection(SolutionConfigurationPlatforms) = preSolution
		Debug|Any CPU = Debug|Any CPU
		Release|Any CPU = Release|Any CPU
	EndGlobalSection
	GlobalSection(ProjectConfigurationPlatforms) = postSolution
		{473666B9-D103-4C7C-8A33-95611018511C}.Debug|Any CPU.ActiveCfg = Debug|Any CPU
		{473666B9-D103-4C7C-8A33-95611018511C}.Debug|Any CPU.Build.0 = Debug|Any CPU
		{473666B9-D103-4C7C-8A33-95611018511C}.Release|Any CPU.ActiveCfg = Release|Any CPU
		{473666B9-D103-4C7C-8A33-95611018511C}.Release|Any CPU.Build.0 = Release|Any CPU
	EndGlobalSection
	GlobalSection(SolutionProperties) = preSolution
		HideSolutionNode = FALSE
	EndGlobalSection
	GlobalSection(ExtensibilityGlobals) = postSolution
		SolutionGuid = {0CA98207-746C-48DB-980F-35D484BAD3CD}
	EndGlobalSection
EndGlobal
